{
  "name": "advent",
  "version": "1.0.0",
  "lockfileVersion": 3,
  "requires": true,
  "packages": {
    "": {
      "name": "advent",
      "version": "1.0.0",
      "license": "ISC",
      "dependencies": {
        "aocjs": "^1.0.3"
      }
    },
    "node_modules/aocjs": {
      "version": "1.0.3",
      "resolved": "https://registry.npmjs.org/aocjs/-/aocjs-1.0.3.tgz",
      "integrity": "sha512-s2UofnvdmEl+lhPK6ho9AJHLbp8yt+3KwDjwEXzWXgsZEtN+PqcyU+Ngci/envBpyqibseO+/lYbpWTcTwFuJw==",
      "license": "MIT",
      "dependencies": {
        "defu": "^6.1.4"
      }
    },
    "node_modules/defu": {
      "version": "6.1.4",
      "resolved": "https://registry.npmjs.org/defu/-/defu-6.1.4.tgz",
      "integrity": "sha512-mEQCMmwJu317oSz8CwdIOdwf3xMif1ttiM8LTufzc3g6kR+9Pe236twL8j3IYT1F7GfRgGcW6MWxzZjLIkuHIg==",
      "license": "MIT"
    }
  }
}
